// !$*UTF8*$!
{
	archiveVersion = 1;
	classes = {
	};
	objectVersion = 46;
	objects = {

/* Begin PBXBuildFile section */
		12511CC71E65B0BD00F96361 /* libusb-1.0.0.dylib in Frameworks */ = {isa = PBXBuildFile; fileRef = 12511CC61E65B0BD00F96361 /* libusb-1.0.0.dylib */; };
		12511CC91E65B89300F96361 /* lud.cpp in Sources */ = {isa = PBXBuildFile; fileRef = 12511CC81E65B89300F96361 /* lud.cpp */; };
/* End PBXBuildFile section */

/* Begin PBXCopyFilesBuildPhase section */
		12511CB91E65B03600F96361 /* CopyFiles */ = {
			isa = PBXCopyFilesBuildPhase;
			buildActionMask = 2147483647;
			dstPath = /usr/share/man/man1/;
			dstSubfolderSpec = 0;
			files = (
			);
			runOnlyForDeploymentPostprocessing = 1;
		};
/* End PBXCopyFilesBuildPhase section */

/* Begin PBXFileReference section */
		12511CBB1E65B03600F96361 /* lud */ = {isa = PBXFileReference; explicitFileType = "compiled.mach-o.executable"; includeInIndex = 0; path = lud; sourceTree = BUILT_PRODUCTS_DIR; };
		12511CC61E65B0BD00F96361 /* libusb-1.0.0.dylib */ = {isa = PBXFileReference; lastKnownFileType = "compiled.mach-o.dylib"; name = "libusb-1.0.0.dylib"; path = "../../../../opt/local/lib/libusb-1.0.0.dylib"; sourceTree = "<group>"; };
		12511CC81E65B89300F96361 /* lud.cpp */ = {isa = PBXFileReference; fileEncoding = 4; lastKnownFileType = sourcecode.cpp.cpp; name = lud.cpp; path = src/lud.cpp; sourceTree = SOURCE_ROOT; };
		12511CCA1E670EEF00F96361 /* bbusb.hpp */ = {isa = PBXFileReference; lastKnownFileType = sourcecode.cpp.h; name = bbusb.hpp; path = src/bbusb.hpp; sourceTree = SOURCE_ROOT; };
/* End PBXFileReference section */

/* Begin PBXFrameworksBuildPhase section */
		12511CB81E65B03600F96361 /* Frameworks */ = {
			isa = PBXFrameworksBuildPhase;
			buildActionMask = 2147483647;
			files = (
				12511CC71E65B0BD00F96361 /* libusb-1.0.0.dylib in Frameworks */,
			);
			runOnlyForDeploymentPostprocessing = 0;
		};
/* End PBXFrameworksBuildPhase section */

/* Begin PBXGroup section */
		12511CB21E65B03600F96361 = {
			isa = PBXGroup;
			children = (
				12511CBD1E65B03600F96361 /* lud */,
				12511CBC1E65B03600F96361 /* Products */,
				12511CC51E65B0BD00F96361 /* Frameworks */,
			);
			sourceTree = "<group>";
		};
		12511CBC1E65B03600F96361 /* Products */ = {
			isa = PBXGroup;
			children = (
				12511CBB1E65B03600F96361 /* lud */,
			);
			name = Products;
			sourceTree = "<group>";
		};
		12511CBD1E65B03600F96361 /* lud */ = {
			isa = PBXGroup;
			children = (
				12511CC81E65B89300F96361 /* lud.cpp */,
				12511CCA1E670EEF00F96361 /* bbusb.hpp */,
			);
			path = lud;
			sourceTree = "<group>";
		};
		12511CC51E65B0BD00F96361 /* Frameworks */ = {
			isa = PBXGroup;
			children = (
				12511CC61E65B0BD00F96361 /* libusb-1.0.0.dylib */,
			);
			name = Frameworks;
			sourceTree = "<group>";
		};
/* End PBXGroup section */

/* Begin PBXNativeTarget section */
		12511CBA1E65B03600F96361 /* lud */ = {
			isa = PBXNativeTarget;
			buildConfigurationList = 12511CC21E65B03600F96361 /* Build configuration list for PBXNativeTarget "lud" */;
			buildPhases = (
				12511CB71E65B03600F96361 /* Sources */,
				12511CB81E65B03600F96361 /* Frameworks */,
				12511CB91E65B03600F96361 /* CopyFiles */,
			);
			buildRules = (
			);
			dependencies = (
			);
			name = lud;
			productName = lud;
			productReference = 12511CBB1E65B03600F96361 /* lud */;
			productType = "com.apple.product-type.tool";
		};
/* End PBXNativeTarget section */

/* Begin PBXProject section */
		12511CB31E65B03600F96361 /* Project object */ = {
			isa = PBXProject;
			attributes = {
				LastUpgradeCheck = 0820;
				ORGANIZATIONNAME = "OTAKE Takayoshi";
				TargetAttributes = {
					12511CBA1E65B03600F96361 = {
						CreatedOnToolsVersion = 8.2.1;
						ProvisioningStyle = Automatic;
					};
				};
			};
			buildConfigurationList = 12511CB61E65B03600F96361 /* Build configuration list for PBXProject "lud" */;
			compatibilityVersion = "Xcode 3.2";
			developmentRegion = English;
			hasScannedForEncodings = 0;
			knownRegions = (
				en,
			);
			mainGroup = 12511CB21E65B03600F96361;
			productRefGroup = 12511CBC1E65B03600F96361 /* Products */;
			projectDirPath = "";
			projectRoot = "";
			targets = (
				12511CBA1E65B03600F96361 /* lud */,
			);
		};
/* End PBXProject section */

/* Begin PBXSourcesBuildPhase section */
		12511CB71E65B03600F96361 /* Sources */ = {
			isa = PBXSourcesBuildPhase;
			buildActionMask = 2147483647;
			files = (
				12511CC91E65B89300F96361 /* lud.cpp in Sources */,
			);
			runOnlyForDeploymentPostprocessing = 0;
		};
/* End PBXSourcesBuildPhase section */

/* Begin XCBuildConfiguration section */
		12511CC01E65B03600F96361 /* Debug */ = {
			isa = XCBuildConfiguration;
			buildSettings = {
				ALWAYS_SEARCH_USER_PATHS = NO;
				CLANG_ANALYZER_NONNULL = YES;
				CLANG_CXX_LANGUAGE_STANDARD = "gnu++0x";
				CLANG_CXX_LIBRARY = "libc++";
				CLANG_ENABLE_MODULES = YES;
				CLANG_ENABLE_OBJC_ARC = YES;
				CLANG_WARN_BOOL_CONVERSION = YES;
				CLANG_WARN_CONSTANT_CONVERSION = YES;
				CLANG_WARN_DIRECT_OBJC_ISA_USAGE = YES_ERROR;
				CLANG_WARN_DOCUMENTATION_COMMENTS = YES;
				CLANG_WARN_EMPTY_BODY = YES;
				CLANG_WARN_ENUM_CONVERSION = YES;
				CLANG_WARN_INFINITE_RECURSION = YES;
				CLANG_WARN_INT_CONVERSION = YES;
				CLANG_WARN_OBJC_ROOT_CLASS = YES_ERROR;
				CLANG_WARN_SUSPICIOUS_MOVE = YES;
				CLANG_WARN_UNREACHABLE_CODE = YES;
				CLANG_WARN__DUPLICATE_METHOD_MATCH = YES;
				CODE_SIGN_IDENTITY = "-";
				COPY_PHASE_STRIP = NO;
				DEBUG_INFORMATION_FORMAT = dwarf;
				ENABLE_STRICT_OBJC_MSGSEND = YES;
				ENABLE_TESTABILITY = YES;
				GCC_C_LANGUAGE_STANDARD = gnu99;
				GCC_DYNAMIC_NO_PIC = NO;
				GCC_NO_COMMON_BLOCKS = YES;
				GCC_OPTIMIZATION_LEVEL = 0;
				GCC_PREPROCESSOR_DEFINITIONS = (
					"DEBUG=1",
					"$(inherited)",
				);
				GCC_WARN_64_TO_32_BIT_CONVERSION = YES;
				GCC_WARN_ABOUT_RETURN_TYPE = YES_ERROR;
				GCC_WARN_UNDECLARED_SELECTOR = YES;
				GCC_WARN_UNINITIALIZED_AUTOS = YES_AGGRESSIVE;
				GCC_WARN_UNUSED_FUNCTION = YES;
				GCC_WARN_UNUSED_VARIABLE = YES;
				MACOSX_DEPLOYMENT_TARGET = 10.12;
				MTL_ENABLE_DEBUG_INFO = YES;
				ONLY_ACTIVE_ARCH = YES;
				SDKROOT = macosx;
			};
			name = Debug;
		};
		12511CC11E65B03600F96361 /* Release */ = {
			isa = XCBuildConfiguration;
			buildSettings = {
				ALWAYS_SEARCH_USER_PATHS = NO;
				CLANG_ANALYZER_NONNULL = YES;
				CLANG_CXX_LANGUAGE_STANDARD = "gnu++0x";
				CLANG_CXX_LIBRARY = "libc++";
				CLANG_ENABLE_MODULES = YES;
				CLANG_ENABLE_OBJC_ARC = YES;
				CLANG_WARN_BOOL_CONVERSION = YES;
				CLANG_WARN_CONSTANT_CONVERSION = YES;
				CLANG_WARN_DIRECT_OBJC_ISA_USAGE = YES_ERROR;
				CLANG_WARN_DOCUMENTATION_COMMENTS = YES;
				CLANG_WARN_EMPTY_BODY = YES;
				CLANG_WARN_ENUM_CONVERSION = YES;
				CLANG_WARN_INFINITE_RECURSION = YES;
				CLANG_WARN_INT_CONVERSION = YES;
				CLANG_WARN_OBJC_ROOT_CLASS = YES_ERROR;
				CLANG_WARN_SUSPICIOUS_MOVE = YES;
				CLANG_WARN_UNREACHABLE_CODE = YES;
				CLANG_WARN__DUPLICATE_METHOD_MATCH = YES;
				CODE_SIGN_IDENTITY = "-";
				COPY_PHASE_STRIP = NO;
				DEBUG_INFORMATION_FORMAT = "dwarf-with-dsym";
				ENABLE_NS_ASSERTIONS = NO;
				ENABLE_STRICT_OBJC_MSGSEND = YES;
				GCC_C_LANGUAGE_STANDARD = gnu99;
				GCC_NO_COMMON_BLOCKS = YES;
				GCC_WARN_64_TO_32_BIT_CONVERSION = YES;
				GCC_WARN_ABOUT_RETURN_TYPE = YES_ERROR;
				GCC_WARN_UNDECLARED_SELECTOR = YES;
				GCC_WARN_UNINITIALIZED_AUTOS = YES_AGGRESSIVE;
				GCC_WARN_UNUSED_FUNCTION = YES;
				GCC_WARN_UNUSED_VARIABLE = YES;
				MACOSX_DEPLOYMENT_TARGET = 10.12;
				MTL_ENABLE_DEBUG_INFO = NO;
				SDKROOT = macosx;
			};
			name = Release;
		};
		12511CC31E65B03600F96361 /* Debug */ = {
			isa = XCBuildConfiguration;
			buildSettings = {
				CLANG_CXX_LANGUAGE_STANDARD = "c++14";
				HEADER_SEARCH_PATHS = "/opt/local/include/libusb-1.0";
				LIBRARY_SEARCH_PATHS = (
					"$(inherited)",
					/opt/local/lib,
				);
				PRODUCT_NAME = "$(TARGET_NAME)";
			};
			name = Debug;
		};
		12511CC41E65B03600F96361 /* Release */ = {
			isa = XCBuildConfiguration;
			buildSettings = {
				CLANG_CXX_LANGUAGE_STANDARD = "c++14";
				HEADER_SEARCH_PATHS = "/opt/local/include/libusb-1.0";
				LIBRARY_SEARCH_PATHS = (
					"$(inherited)",
					/opt/local/lib,
				);
				PRODUCT_NAME = "$(TARGET_NAME)";
			};
			name = Release;
		};
/* End XCBuildConfiguration section */

/* Begin XCConfigurationList section */
		12511CB61E65B03600F96361 /* Build configuration list for PBXProject "lud" */ = {
			isa = XCConfigurationList;
			buildConfigurations = (
				12511CC01E65B03600F96361 /* Debug */,
				12511CC11E65B03600F96361 /* Release */,
			);
			defaultConfigurationIsVisible = 0;
			defaultConfigurationName = Release;
		};
		12511CC21E65B03600F96361 /* Build configuration list for PBXNativeTarget "lud" */ = {
			isa = XCConfigurationList;
			buildConfigurations = (
				12511CC31E65B03600F96361 /* Debug */,
				12511CC41E65B03600F96361 /* Release */,
			);
			defaultConfigurationIsVisible = 0;
			defaultConfigurationName = Release;
		};
/* End XCConfigurationList section */
	};
	rootObject = 12511CB31E65B03600F96361 /* Project object */;
}
